
Microsoft Visual Studio Solution File, Format Version 12.00
# Visual Studio Version 17
VisualStudioVersion = 17.9.34714.143
MinimumVisualStudioVersion = 10.0.40219.1
Project("{FAE04EC0-301F-11D3-BF4B-00C04F79EFBC}") = "CadastroDeAlunos", "CadastroDeAlunos.csproj", "{D7C8E168-0281-48C7-98F4-72DDAE0D63DA}"
EndProject
Global
	GlobalSection(SolutionConfigurationPlatforms) = preSolution
		Debug|Any CPU = Debug|Any CPU
		Release|Any CPU = Release|Any CPU
	EndGlobalSection
	GlobalSection(ProjectConfigurationPlatforms) = postSolution
		{D7C8E168-0281-48C7-98F4-72DDAE0D63DA}.Debug|Any CPU.ActiveCfg = Debug|Any CPU
		{D7C8E168-0281-48C7-98F4-72DDAE0D63DA}.Debug|Any CPU.Build.0 = Debug|Any CPU
		{D7C8E168-0281-48C7-98F4-72DDAE0D63DA}.Release|Any CPU.ActiveCfg = Release|Any CPU
		{D7C8E168-0281-48C7-98F4-72DDAE0D63DA}.Release|Any CPU.Build.0 = Release|Any CPU
	EndGlobalSection
	GlobalSection(SolutionProperties) = preSolution
		HideSolutionNode = FALSE
	EndGlobalSection
	GlobalSection(ExtensibilityGlobals) = postSolution
		SolutionGuid = {AA695AEF-DE84-413C-948A-164918D23E55}
	EndGlobalSection
EndGlobal
